
Microsoft Visual Studio Solution File, Format Version 12.00
# Visual Studio Version 16
VisualStudioVersion = 16.0.31229.75
MinimumVisualStudioVersion = 10.0.40219.1
Project("{2150E333-8FDC-42A3-9474-1A3956D46DE8}") = "Data", "Data", "{5013CBF0-1653-4CA7-B380-8A2A55ACC462}"
EndProject
Project("{2150E333-8FDC-42A3-9474-1A3956D46DE8}") = "BLL", "BLL", "{E1AD2B93-141E-410D-B2FF-E6AFA545E218}"
EndProject
Project("{2150E333-8FDC-42A3-9474-1A3956D46DE8}") = "UI", "UI", "{1E16B593-591E-4395-BD4C-9CD98A274069}"
EndProject
Project("{2150E333-8FDC-42A3-9474-1A3956D46DE8}") = "Helper", "Helper", "{F37476F7-D8CD-45FD-AB3B-D429C0CA0096}"
EndProject
Project("{FAE04EC0-301F-11D3-BF4B-00C04F79EFBC}") = "yms8333.DAL", "yms8333.DAL\yms8333.DAL.csproj", "{75299D6B-6AB1-46DF-AA6F-50B9B8D562AD}"
EndProject
Project("{FAE04EC0-301F-11D3-BF4B-00C04F79EFBC}") = "yms8333.Helper", "yms8333.Helper\yms8333.Helper.csproj", "{425977CC-B768-4AFD-8171-56AFC360DF44}"
EndProject
Project("{FAE04EC0-301F-11D3-BF4B-00C04F79EFBC}") = "yms8333.Web", "yms8333.Web\yms8333.Web.csproj", "{9CDB9FB5-373A-40EB-8DBC-227384EAC0A3}"
EndProject
Project("{FAE04EC0-301F-11D3-BF4B-00C04F79EFBC}") = "yms8333.Api", "yms8333.Api\yms8333.Api.csproj", "{5FE8DC50-A2B7-436D-A466-E6E983A3F7D1}"
EndProject
Project("{FAE04EC0-301F-11D3-BF4B-00C04F79EFBC}") = "yms8333.Partner", "yms8333.Partner\yms8333.Partner.csproj", "{DEFE894F-9302-4428-A1A3-458EDC606FA0}"
EndProject
Global
	GlobalSection(SolutionConfigurationPlatforms) = preSolution
		Debug|Any CPU = Debug|Any CPU
		Release|Any CPU = Release|Any CPU
	EndGlobalSection
	GlobalSection(ProjectConfigurationPlatforms) = postSolution
		{75299D6B-6AB1-46DF-AA6F-50B9B8D562AD}.Debug|Any CPU.ActiveCfg = Debug|Any CPU
		{75299D6B-6AB1-46DF-AA6F-50B9B8D562AD}.Debug|Any CPU.Build.0 = Debug|Any CPU
		{75299D6B-6AB1-46DF-AA6F-50B9B8D562AD}.Release|Any CPU.ActiveCfg = Release|Any CPU
		{75299D6B-6AB1-46DF-AA6F-50B9B8D562AD}.Release|Any CPU.Build.0 = Release|Any CPU
		{425977CC-B768-4AFD-8171-56AFC360DF44}.Debug|Any CPU.ActiveCfg = Debug|Any CPU
		{425977CC-B768-4AFD-8171-56AFC360DF44}.Debug|Any CPU.Build.0 = Debug|Any CPU
		{425977CC-B768-4AFD-8171-56AFC360DF44}.Release|Any CPU.ActiveCfg = Release|Any CPU
		{425977CC-B768-4AFD-8171-56AFC360DF44}.Release|Any CPU.Build.0 = Release|Any CPU
		{9CDB9FB5-373A-40EB-8DBC-227384EAC0A3}.Debug|Any CPU.ActiveCfg = Debug|Any CPU
		{9CDB9FB5-373A-40EB-8DBC-227384EAC0A3}.Debug|Any CPU.Build.0 = Debug|Any CPU
		{9CDB9FB5-373A-40EB-8DBC-227384EAC0A3}.Release|Any CPU.ActiveCfg = Release|Any CPU
		{9CDB9FB5-373A-40EB-8DBC-227384EAC0A3}.Release|Any CPU.Build.0 = Release|Any CPU
		{5FE8DC50-A2B7-436D-A466-E6E983A3F7D1}.Debug|Any CPU.ActiveCfg = Debug|Any CPU
		{5FE8DC50-A2B7-436D-A466-E6E983A3F7D1}.Debug|Any CPU.Build.0 = Debug|Any CPU
		{5FE8DC50-A2B7-436D-A466-E6E983A3F7D1}.Release|Any CPU.ActiveCfg = Release|Any CPU
		{5FE8DC50-A2B7-436D-A466-E6E983A3F7D1}.Release|Any CPU.Build.0 = Release|Any CPU
		{DEFE894F-9302-4428-A1A3-458EDC606FA0}.Debug|Any CPU.ActiveCfg = Debug|Any CPU
		{DEFE894F-9302-4428-A1A3-458EDC606FA0}.Debug|Any CPU.Build.0 = Debug|Any CPU
		{DEFE894F-9302-4428-A1A3-458EDC606FA0}.Release|Any CPU.ActiveCfg = Release|Any CPU
		{DEFE894F-9302-4428-A1A3-458EDC606FA0}.Release|Any CPU.Build.0 = Release|Any CPU
	EndGlobalSection
	GlobalSection(SolutionProperties) = preSolution
		HideSolutionNode = FALSE
	EndGlobalSection
	GlobalSection(NestedProjects) = preSolution
		{75299D6B-6AB1-46DF-AA6F-50B9B8D562AD} = {5013CBF0-1653-4CA7-B380-8A2A55ACC462}
		{425977CC-B768-4AFD-8171-56AFC360DF44} = {F37476F7-D8CD-45FD-AB3B-D429C0CA0096}
		{9CDB9FB5-373A-40EB-8DBC-227384EAC0A3} = {1E16B593-591E-4395-BD4C-9CD98A274069}
		{5FE8DC50-A2B7-436D-A466-E6E983A3F7D1} = {E1AD2B93-141E-410D-B2FF-E6AFA545E218}
		{DEFE894F-9302-4428-A1A3-458EDC606FA0} = {1E16B593-591E-4395-BD4C-9CD98A274069}
	EndGlobalSection
	GlobalSection(ExtensibilityGlobals) = postSolution
		SolutionGuid = {4A08BBCA-A543-4F1A-B5E4-D72A25C3B6D4}
	EndGlobalSection
EndGlobal
